
Microsoft Visual Studio Solution File, Format Version 11.00
# Visual Studio 2010
Project("{FAE04EC0-301F-11D3-BF4B-00C04F79EFBC}") = "NetKeeper.Bll", "NetKeeper.Bll\NetKeeper.Bll.csproj", "{6EC4C9A5-378E-4F67-89FD-48D14D37B415}"
EndProject
Project("{FAE04EC0-301F-11D3-BF4B-00C04F79EFBC}") = "NetKeeper.DAl", "NetKeeper.DAl\NetKeeper.DAl.csproj", "{A24511AC-627A-4420-ABA3-7875FACCD42E}"
EndProject
Project("{FAE04EC0-301F-11D3-BF4B-00C04F79EFBC}") = "NetKeeper.Commom", "NetKeeper.Commom\NetKeeper.Commom.csproj", "{B9EC33CA-E728-4350-9BC2-3FA3D09A9406}"
EndProject
Project("{FAE04EC0-301F-11D3-BF4B-00C04F79EFBC}") = "NetKeeper.FormUI", "NetKeeper.FormUI\NetKeeper.FormUI.csproj", "{C346D4CB-EFDA-41F3-A0B0-E9D802478D96}"
EndProject
Global
	GlobalSection(SolutionConfigurationPlatforms) = preSolution
		Debug|Any CPU = Debug|Any CPU
		Debug|Mixed Platforms = Debug|Mixed Platforms
		Debug|x86 = Debug|x86
		Release|Any CPU = Release|Any CPU
		Release|Mixed Platforms = Release|Mixed Platforms
		Release|x86 = Release|x86
	EndGlobalSection
	GlobalSection(ProjectConfigurationPlatforms) = postSolution
		{6EC4C9A5-378E-4F67-89FD-48D14D37B415}.Debug|Any CPU.ActiveCfg = Debug|Any CPU
		{6EC4C9A5-378E-4F67-89FD-48D14D37B415}.Debug|Any CPU.Build.0 = Debug|Any CPU
		{6EC4C9A5-378E-4F67-89FD-48D14D37B415}.Debug|Mixed Platforms.ActiveCfg = Debug|Any CPU
		{6EC4C9A5-378E-4F67-89FD-48D14D37B415}.Debug|Mixed Platforms.Build.0 = Debug|Any CPU
		{6EC4C9A5-378E-4F67-89FD-48D14D37B415}.Debug|x86.ActiveCfg = Debug|Any CPU
		{6EC4C9A5-378E-4F67-89FD-48D14D37B415}.Release|Any CPU.ActiveCfg = Release|Any CPU
		{6EC4C9A5-378E-4F67-89FD-48D14D37B415}.Release|Any CPU.Build.0 = Release|Any CPU
		{6EC4C9A5-378E-4F67-89FD-48D14D37B415}.Release|Mixed Platforms.ActiveCfg = Release|Any CPU
		{6EC4C9A5-378E-4F67-89FD-48D14D37B415}.Release|Mixed Platforms.Build.0 = Release|Any CPU
		{6EC4C9A5-378E-4F67-89FD-48D14D37B415}.Release|x86.ActiveCfg = Release|Any CPU
		{A24511AC-627A-4420-ABA3-7875FACCD42E}.Debug|Any CPU.ActiveCfg = Debug|Any CPU
		{A24511AC-627A-4420-ABA3-7875FACCD42E}.Debug|Any CPU.Build.0 = Debug|Any CPU
		{A24511AC-627A-4420-ABA3-7875FACCD42E}.Debug|Mixed Platforms.ActiveCfg = Debug|Any CPU
		{A24511AC-627A-4420-ABA3-7875FACCD42E}.Debug|Mixed Platforms.Build.0 = Debug|Any CPU
		{A24511AC-627A-4420-ABA3-7875FACCD42E}.Debug|x86.ActiveCfg = Debug|Any CPU
		{A24511AC-627A-4420-ABA3-7875FACCD42E}.Release|Any CPU.ActiveCfg = Release|Any CPU
		{A24511AC-627A-4420-ABA3-7875FACCD42E}.Release|Any CPU.Build.0 = Release|Any CPU
		{A24511AC-627A-4420-ABA3-7875FACCD42E}.Release|Mixed Platforms.ActiveCfg = Release|Any CPU
		{A24511AC-627A-4420-ABA3-7875FACCD42E}.Release|Mixed Platforms.Build.0 = Release|Any CPU
		{A24511AC-627A-4420-ABA3-7875FACCD42E}.Release|x86.ActiveCfg = Release|Any CPU
		{B9EC33CA-E728-4350-9BC2-3FA3D09A9406}.Debug|Any CPU.ActiveCfg = Debug|Any CPU
		{B9EC33CA-E728-4350-9BC2-3FA3D09A9406}.Debug|Any CPU.Build.0 = Debug|Any CPU
		{B9EC33CA-E728-4350-9BC2-3FA3D09A9406}.Debug|Mixed Platforms.ActiveCfg = Debug|Any CPU
		{B9EC33CA-E728-4350-9BC2-3FA3D09A9406}.Debug|Mixed Platforms.Build.0 = Debug|Any CPU
		{B9EC33CA-E728-4350-9BC2-3FA3D09A9406}.Debug|x86.ActiveCfg = Debug|Any CPU
		{B9EC33CA-E728-4350-9BC2-3FA3D09A9406}.Release|Any CPU.ActiveCfg = Release|Any CPU
		{B9EC33CA-E728-4350-9BC2-3FA3D09A9406}.Release|Any CPU.Build.0 = Release|Any CPU
		{B9EC33CA-E728-4350-9BC2-3FA3D09A9406}.Release|Mixed Platforms.ActiveCfg = Release|Any CPU
		{B9EC33CA-E728-4350-9BC2-3FA3D09A9406}.Release|Mixed Platforms.Build.0 = Release|Any CPU
		{B9EC33CA-E728-4350-9BC2-3FA3D09A9406}.Release|x86.ActiveCfg = Release|Any CPU
		{C346D4CB-EFDA-41F3-A0B0-E9D802478D96}.Debug|Any CPU.ActiveCfg = Debug|x86
		{C346D4CB-EFDA-41F3-A0B0-E9D802478D96}.Debug|Mixed Platforms.ActiveCfg = Debug|x86
		{C346D4CB-EFDA-41F3-A0B0-E9D802478D96}.Debug|Mixed Platforms.Build.0 = Debug|x86
		{C346D4CB-EFDA-41F3-A0B0-E9D802478D96}.Debug|x86.ActiveCfg = Debug|x86
		{C346D4CB-EFDA-41F3-A0B0-E9D802478D96}.Debug|x86.Build.0 = Debug|x86
		{C346D4CB-EFDA-41F3-A0B0-E9D802478D96}.Release|Any CPU.ActiveCfg = Release|x86
		{C346D4CB-EFDA-41F3-A0B0-E9D802478D96}.Release|Mixed Platforms.ActiveCfg = Release|x86
		{C346D4CB-EFDA-41F3-A0B0-E9D802478D96}.Release|Mixed Platforms.Build.0 = Release|x86
		{C346D4CB-EFDA-41F3-A0B0-E9D802478D96}.Release|x86.ActiveCfg = Release|x86
		{C346D4CB-EFDA-41F3-A0B0-E9D802478D96}.Release|x86.Build.0 = Release|x86
	EndGlobalSection
	GlobalSection(SolutionProperties) = preSolution
		HideSolutionNode = FALSE
	EndGlobalSection
EndGlobal
